
Microsoft Visual Studio Solution File, Format Version 12.00
# Visual Studio 15
VisualStudioVersion = 15.0.27703.2026
MinimumVisualStudioVersion = 10.0.40219.1
Project("{888888A0-9F3D-457C-B088-3A5042F75D52}") = "FakeDataToAPI", "FakeDataToAPI\FakeDataToAPI.pyproj", "{5AA4C298-E828-4174-8AF5-A7F263AF4F26}"
EndProject
Global
	GlobalSection(SolutionConfigurationPlatforms) = preSolution
		Debug|Any CPU = Debug|Any CPU
		Release|Any CPU = Release|Any CPU
	EndGlobalSection
	GlobalSection(ProjectConfigurationPlatforms) = postSolution
		{5AA4C298-E828-4174-8AF5-A7F263AF4F26}.Debug|Any CPU.ActiveCfg = Debug|Any CPU
		{5AA4C298-E828-4174-8AF5-A7F263AF4F26}.Release|Any CPU.ActiveCfg = Release|Any CPU
	EndGlobalSection
	GlobalSection(SolutionProperties) = preSolution
		HideSolutionNode = FALSE
	EndGlobalSection
	GlobalSection(ExtensibilityGlobals) = postSolution
		SolutionGuid = {80FA6F9F-304A-40FB-8433-65C931B62DB4}
	EndGlobalSection
EndGlobal
